{
  "version": 4,
  "terraform_version": "1.2.4",
  "serial": 75,
  "lineage": "67dc6494-bdc4-50ae-b73b-937f3e83d4b4",
  "outputs": {
    "nodes_ip": {
      "value": [
        "10.128.0.57",
        "10.128.0.56",
        "10.128.0.58"
      ],
      "type": [
        "tuple",
        [
          "string",
          "string",
          "string"
        ]
      ]
    }
  },
  "resources": [
    {
      "mode": "managed",
      "type": "google_compute_instance",
      "name": "vm_instance",
      "provider": "provider[\"registry.terraform.io/hashicorp/google\"]",
      "instances": [
        {
          "index_key": 0,
          "schema_version": 6,
          "attributes": {
            "advanced_machine_features": [],
            "allow_stopping_for_update": null,
            "attached_disk": [],
            "boot_disk": [
              {
                "auto_delete": true,
                "device_name": "persistent-disk-0",
                "disk_encryption_key_raw": "",
                "disk_encryption_key_sha256": "",
                "initialize_params": [
                  {
                    "image": "https://www.googleapis.com/compute/v1/projects/debian-cloud/global/images/debian-11-bullseye-v20220621",
                    "labels": {},
                    "size": 10,
                    "type": "pd-standard"
                  }
                ],
                "kms_key_self_link": "",
                "mode": "READ_WRITE",
                "source": "https://www.googleapis.com/compute/v1/projects/futu-testing/zones/us-central1-c/disks/controll-node-0"
              }
            ],
            "can_ip_forward": false,
            "confidential_instance_config": [],
            "cpu_platform": "Intel Broadwell",
            "current_status": "RUNNING",
            "deletion_protection": false,
            "description": "",
            "desired_status": null,
            "enable_display": false,
            "guest_accelerator": [],
            "hostname": "",
            "id": "projects/futu-testing/zones/us-central1-c/instances/controll-node-0",
            "instance_id": "4126724007017888394",
            "label_fingerprint": "42WmSpB8rSM=",
            "labels": null,
            "machine_type": "e2-micro",
            "metadata": {
              "ssh-keys": "futu:ssh-rsa AAAAB3NzaC1yc2EAAAADAQABAAABAQDRmU1RWbAUnyyUxo/+Qn4NgZvJMRFvNIoQpo5zrwwZSBNw5GAbk0ksW/zbPVKBMrfn/LQZFR+ihrB8JV1QcedTC7dHocXpY/71dgxjxrYLs9L+a0dt03CB72+FkoTCtC3sViIn9grxWoK8OtVSchi6Tq0CeHYQCegZZ/bs/qYdoNeuhQNZhd3GkzOG720SVHonb65hYNbbZZK9aYQkl1kB2ftd0FfURQUamDKMZcJl7jD/MNIyXH+jJVexVJVnRjjx4uhZI4MJ6PmjpUAbRiBdOb00obR8vn69/pYDABkN+bUUbGCTGr2xlj0IaiHo4gYbLgYqKKTF7KyyixfOAhYZ"
            },
            "metadata_fingerprint": "maONJ7VRn3k=",
            "metadata_startup_script": null,
            "min_cpu_platform": "",
            "name": "controll-node-0",
            "network_interface": [
              {
                "access_config": [
                  {
                    "nat_ip": "34.66.149.125",
                    "network_tier": "PREMIUM",
                    "public_ptr_domain_name": ""
                  }
                ],
                "alias_ip_range": [],
                "ipv6_access_config": [],
                "ipv6_access_type": "",
                "name": "nic0",
                "network": "https://www.googleapis.com/compute/v1/projects/futu-testing/global/networks/default",
                "network_ip": "10.128.0.57",
                "nic_type": "",
                "queue_count": 0,
                "stack_type": "IPV4_ONLY",
                "subnetwork": "https://www.googleapis.com/compute/v1/projects/futu-testing/regions/us-central1/subnetworks/default",
                "subnetwork_project": "futu-testing"
              }
            ],
            "project": "futu-testing",
            "reservation_affinity": [],
            "resource_policies": null,
            "scheduling": [
              {
                "automatic_restart": true,
                "min_node_cpus": 0,
                "node_affinities": [],
                "on_host_maintenance": "MIGRATE",
                "preemptible": false,
                "provisioning_model": "STANDARD"
              }
            ],
            "scratch_disk": [],
            "self_link": "https://www.googleapis.com/compute/v1/projects/futu-testing/zones/us-central1-c/instances/controll-node-0",
            "service_account": [],
            "shielded_instance_config": [
              {
                "enable_integrity_monitoring": true,
                "enable_secure_boot": false,
                "enable_vtpm": true
              }
            ],
            "tags": null,
            "tags_fingerprint": "42WmSpB8rSM=",
            "timeouts": null,
            "zone": "us-central1-c"
          },
          "sensitive_attributes": [],
          "private": "eyJlMmJmYjczMC1lY2FhLTExZTYtOGY4OC0zNDM2M2JjN2M0YzAiOnsiY3JlYXRlIjoxMjAwMDAwMDAwMDAwLCJkZWxldGUiOjEyMDAwMDAwMDAwMDAsInVwZGF0ZSI6MTIwMDAwMDAwMDAwMH0sInNjaGVtYV92ZXJzaW9uIjoiNiJ9"
        },
        {
          "index_key": 1,
          "schema_version": 6,
          "attributes": {
            "advanced_machine_features": [],
            "allow_stopping_for_update": null,
            "attached_disk": [],
            "boot_disk": [
              {
                "auto_delete": true,
                "device_name": "persistent-disk-0",
                "disk_encryption_key_raw": "",
                "disk_encryption_key_sha256": "",
                "initialize_params": [
                  {
                    "image": "https://www.googleapis.com/compute/v1/projects/debian-cloud/global/images/debian-11-bullseye-v20220621",
                    "labels": {},
                    "size": 10,
                    "type": "pd-standard"
                  }
                ],
                "kms_key_self_link": "",
                "mode": "READ_WRITE",
                "source": "https://www.googleapis.com/compute/v1/projects/futu-testing/zones/us-central1-c/disks/controll-node-1"
              }
            ],
            "can_ip_forward": false,
            "confidential_instance_config": [],
            "cpu_platform": "Intel Broadwell",
            "current_status": "RUNNING",
            "deletion_protection": false,
            "description": "",
            "desired_status": null,
            "enable_display": false,
            "guest_accelerator": [],
            "hostname": "",
            "id": "projects/futu-testing/zones/us-central1-c/instances/controll-node-1",
            "instance_id": "5100562911733004938",
            "label_fingerprint": "42WmSpB8rSM=",
            "labels": null,
            "machine_type": "e2-micro",
            "metadata": {
              "ssh-keys": "futu:ssh-rsa AAAAB3NzaC1yc2EAAAADAQABAAABAQDRmU1RWbAUnyyUxo/+Qn4NgZvJMRFvNIoQpo5zrwwZSBNw5GAbk0ksW/zbPVKBMrfn/LQZFR+ihrB8JV1QcedTC7dHocXpY/71dgxjxrYLs9L+a0dt03CB72+FkoTCtC3sViIn9grxWoK8OtVSchi6Tq0CeHYQCegZZ/bs/qYdoNeuhQNZhd3GkzOG720SVHonb65hYNbbZZK9aYQkl1kB2ftd0FfURQUamDKMZcJl7jD/MNIyXH+jJVexVJVnRjjx4uhZI4MJ6PmjpUAbRiBdOb00obR8vn69/pYDABkN+bUUbGCTGr2xlj0IaiHo4gYbLgYqKKTF7KyyixfOAhYZ"
            },
            "metadata_fingerprint": "maONJ7VRn3k=",
            "metadata_startup_script": null,
            "min_cpu_platform": "",
            "name": "controll-node-1",
            "network_interface": [
              {
                "access_config": [
                  {
                    "nat_ip": "34.68.137.147",
                    "network_tier": "PREMIUM",
                    "public_ptr_domain_name": ""
                  }
                ],
                "alias_ip_range": [],
                "ipv6_access_config": [],
                "ipv6_access_type": "",
                "name": "nic0",
                "network": "https://www.googleapis.com/compute/v1/projects/futu-testing/global/networks/default",
                "network_ip": "10.128.0.56",
                "nic_type": "",
                "queue_count": 0,
                "stack_type": "IPV4_ONLY",
                "subnetwork": "https://www.googleapis.com/compute/v1/projects/futu-testing/regions/us-central1/subnetworks/default",
                "subnetwork_project": "futu-testing"
              }
            ],
            "project": "futu-testing",
            "reservation_affinity": [],
            "resource_policies": null,
            "scheduling": [
              {
                "automatic_restart": true,
                "min_node_cpus": 0,
                "node_affinities": [],
                "on_host_maintenance": "MIGRATE",
                "preemptible": false,
                "provisioning_model": "STANDARD"
              }
            ],
            "scratch_disk": [],
            "self_link": "https://www.googleapis.com/compute/v1/projects/futu-testing/zones/us-central1-c/instances/controll-node-1",
            "service_account": [],
            "shielded_instance_config": [
              {
                "enable_integrity_monitoring": true,
                "enable_secure_boot": false,
                "enable_vtpm": true
              }
            ],
            "tags": null,
            "tags_fingerprint": "42WmSpB8rSM=",
            "timeouts": null,
            "zone": "us-central1-c"
          },
          "sensitive_attributes": [],
          "private": "eyJlMmJmYjczMC1lY2FhLTExZTYtOGY4OC0zNDM2M2JjN2M0YzAiOnsiY3JlYXRlIjoxMjAwMDAwMDAwMDAwLCJkZWxldGUiOjEyMDAwMDAwMDAwMDAsInVwZGF0ZSI6MTIwMDAwMDAwMDAwMH0sInNjaGVtYV92ZXJzaW9uIjoiNiJ9"
        },
        {
          "index_key": 2,
          "schema_version": 6,
          "attributes": {
            "advanced_machine_features": [],
            "allow_stopping_for_update": null,
            "attached_disk": [],
            "boot_disk": [
              {
                "auto_delete": true,
                "device_name": "persistent-disk-0",
                "disk_encryption_key_raw": "",
                "disk_encryption_key_sha256": "",
                "initialize_params": [
                  {
                    "image": "https://www.googleapis.com/compute/v1/projects/debian-cloud/global/images/debian-11-bullseye-v20220621",
                    "labels": {},
                    "size": 10,
                    "type": "pd-standard"
                  }
                ],
                "kms_key_self_link": "",
                "mode": "READ_WRITE",
                "source": "https://www.googleapis.com/compute/v1/projects/futu-testing/zones/us-central1-c/disks/controll-node-2"
              }
            ],
            "can_ip_forward": false,
            "confidential_instance_config": [],
            "cpu_platform": "Intel Broadwell",
            "current_status": "RUNNING",
            "deletion_protection": false,
            "description": "",
            "desired_status": null,
            "enable_display": false,
            "guest_accelerator": [],
            "hostname": "",
            "id": "projects/futu-testing/zones/us-central1-c/instances/controll-node-2",
            "instance_id": "7154384090490256010",
            "label_fingerprint": "42WmSpB8rSM=",
            "labels": null,
            "machine_type": "e2-micro",
            "metadata": {
              "ssh-keys": "futu:ssh-rsa AAAAB3NzaC1yc2EAAAADAQABAAABAQDRmU1RWbAUnyyUxo/+Qn4NgZvJMRFvNIoQpo5zrwwZSBNw5GAbk0ksW/zbPVKBMrfn/LQZFR+ihrB8JV1QcedTC7dHocXpY/71dgxjxrYLs9L+a0dt03CB72+FkoTCtC3sViIn9grxWoK8OtVSchi6Tq0CeHYQCegZZ/bs/qYdoNeuhQNZhd3GkzOG720SVHonb65hYNbbZZK9aYQkl1kB2ftd0FfURQUamDKMZcJl7jD/MNIyXH+jJVexVJVnRjjx4uhZI4MJ6PmjpUAbRiBdOb00obR8vn69/pYDABkN+bUUbGCTGr2xlj0IaiHo4gYbLgYqKKTF7KyyixfOAhYZ"
            },
            "metadata_fingerprint": "maONJ7VRn3k=",
            "metadata_startup_script": null,
            "min_cpu_platform": "",
            "name": "controll-node-2",
            "network_interface": [
              {
                "access_config": [
                  {
                    "nat_ip": "34.122.159.242",
                    "network_tier": "PREMIUM",
                    "public_ptr_domain_name": ""
                  }
                ],
                "alias_ip_range": [],
                "ipv6_access_config": [],
                "ipv6_access_type": "",
                "name": "nic0",
                "network": "https://www.googleapis.com/compute/v1/projects/futu-testing/global/networks/default",
                "network_ip": "10.128.0.58",
                "nic_type": "",
                "queue_count": 0,
                "stack_type": "IPV4_ONLY",
                "subnetwork": "https://www.googleapis.com/compute/v1/projects/futu-testing/regions/us-central1/subnetworks/default",
                "subnetwork_project": "futu-testing"
              }
            ],
            "project": "futu-testing",
            "reservation_affinity": [],
            "resource_policies": null,
            "scheduling": [
              {
                "automatic_restart": true,
                "min_node_cpus": 0,
                "node_affinities": [],
                "on_host_maintenance": "MIGRATE",
                "preemptible": false,
                "provisioning_model": "STANDARD"
              }
            ],
            "scratch_disk": [],
            "self_link": "https://www.googleapis.com/compute/v1/projects/futu-testing/zones/us-central1-c/instances/controll-node-2",
            "service_account": [],
            "shielded_instance_config": [
              {
                "enable_integrity_monitoring": true,
                "enable_secure_boot": false,
                "enable_vtpm": true
              }
            ],
            "tags": null,
            "tags_fingerprint": "42WmSpB8rSM=",
            "timeouts": null,
            "zone": "us-central1-c"
          },
          "sensitive_attributes": [],
          "private": "eyJlMmJmYjczMC1lY2FhLTExZTYtOGY4OC0zNDM2M2JjN2M0YzAiOnsiY3JlYXRlIjoxMjAwMDAwMDAwMDAwLCJkZWxldGUiOjEyMDAwMDAwMDAwMDAsInVwZGF0ZSI6MTIwMDAwMDAwMDAwMH0sInNjaGVtYV92ZXJzaW9uIjoiNiJ9"
        }
      ]
    }
  ]
}
